
Microsoft Visual Studio Solution File, Format Version 12.00
# Visual Studio Version 17
VisualStudioVersion = 17.0.31903.59
MinimumVisualStudioVersion = 10.0.40219.1
Project("{2150E333-8FDC-42A3-9474-1A3956D46DE8}") = "src", "src", "{E3AE875E-91BB-4776-A988-1A34E33AAF43}"
EndProject
Project("{2150E333-8FDC-42A3-9474-1A3956D46DE8}") = "tests", "tests", "{3AF4C5EE-92F1-4AF6-A37B-2C4E92D8723D}"
EndProject
Project("{2150E333-8FDC-42A3-9474-1A3956D46DE8}") = "Modules", "Modules", "{69EAA457-3A33-45A6-9FF6-C54A37EFE7FB}"
EndProject
Project("{2150E333-8FDC-42A3-9474-1A3956D46DE8}") = "Bootstrapper", "Bootstrapper", "{67199983-F03D-4670-A542-C40BF6FD65F0}"
EndProject
Project("{2150E333-8FDC-42A3-9474-1A3956D46DE8}") = "Shared", "Shared", "{4C54DAB0-0CA3-4163-9E17-B9D55612E973}"
EndProject
Project("{9A19103F-16F7-4668-BE54-9A1E7A4F7556}") = "Eshrimp.Bootstrapper", "src\Bootstrapper\Eshrimp.Bootstrapper\Eshrimp.Bootstrapper.csproj", "{1751B316-5409-4FE4-AA90-682739FB5221}"
EndProject
Project("{9A19103F-16F7-4668-BE54-9A1E7A4F7556}") = "Eshrimp.Modules.Tanks.Api", "src\Modules\Tanks\Eshrimp.Modules.Tanks.Api\Eshrimp.Modules.Tanks.Api.csproj", "{15346167-A369-44E7-95ED-A5FF178601C6}"
EndProject
Project("{2150E333-8FDC-42A3-9474-1A3956D46DE8}") = "Tanks", "Tanks", "{EB437180-9199-401F-AF54-28D431BAC653}"
EndProject
Project("{9A19103F-16F7-4668-BE54-9A1E7A4F7556}") = "Eshrimp.Modules.Tanks.Domain", "src\Modules\Tanks\Eshrimp.Modules.Tanks.Domain\Eshrimp.Modules.Tanks.Domain.csproj", "{5D606E0E-03F7-41AE-835B-C5D355EB4130}"
EndProject
Project("{9A19103F-16F7-4668-BE54-9A1E7A4F7556}") = "Eshrimp.Modules.Tanks.Application", "src\Modules\Tanks\Eshrimp.Modules.Tanks.Application\Eshrimp.Modules.Tanks.Application.csproj", "{E07BDEAD-A192-4093-B5CA-97B300A472A5}"
EndProject
Project("{9A19103F-16F7-4668-BE54-9A1E7A4F7556}") = "Eshrimp.Modules.Tanks.Infrastructure", "src\Modules\Tanks\Eshrimp.Modules.Tanks.Infrastructure\Eshrimp.Modules.Tanks.Infrastructure.csproj", "{51EC4E99-AE5F-4C58-892C-D1BC96B200CA}"
EndProject
Project("{9A19103F-16F7-4668-BE54-9A1E7A4F7556}") = "Eshrimp.Shared.Abstractions", "src\Shared\Eshrimp.Shared.Abstractions\Eshrimp.Shared.Abstractions.csproj", "{24D72853-0513-412F-A622-C1684F331D9A}"
EndProject
Project("{9A19103F-16F7-4668-BE54-9A1E7A4F7556}") = "Eshrimp.Shared.Infrastructure", "src\Shared\Eshrimp.Shared.Infrastructure\Eshrimp.Shared.Infrastructure.csproj", "{F04BA12A-0765-4F5F-AE35-B8168493E496}"
EndProject
Project("{2150E333-8FDC-42A3-9474-1A3956D46DE8}") = "Store", "Store", "{F3BC4077-6B2B-4EBA-A438-AF4268B0F6A0}"
EndProject
Project("{9A19103F-16F7-4668-BE54-9A1E7A4F7556}") = "Eshrimp.Modules.Store.Domain", "src\Modules\Store\Eshrimp.Modules.Store.Core\Eshrimp.Modules.Store.Domain.csproj", "{C6CE8B77-EC83-4C95-AD08-3B14A084E530}"
EndProject
Project("{9A19103F-16F7-4668-BE54-9A1E7A4F7556}") = "Eshrimp.Modules.Store.Api", "src\Modules\Store\Eshrimp.Modules.Store.Api\Eshrimp.Modules.Store.Api.csproj", "{339D36E1-342A-44DA-A76D-29DA187077FF}"
EndProject
Project("{9A19103F-16F7-4668-BE54-9A1E7A4F7556}") = "Eshrimp.Modules.Store.Application", "src\Modules\Store\Eshrimp.Modules.Store.Application\Eshrimp.Modules.Store.Application.csproj", "{7C229488-5566-4432-B371-C15C047A7CD7}"
EndProject
Project("{9A19103F-16F7-4668-BE54-9A1E7A4F7556}") = "Eshrimp.Modules.Store.Infrastructure", "src\Modules\Store\Eshrimp.Modules.Store.Infrastructure\Eshrimp.Modules.Store.Infrastructure.csproj", "{8DD5E3EA-6E14-4559-A6F8-E5B7E33889C5}"
EndProject
Project("{2150E333-8FDC-42A3-9474-1A3956D46DE8}") = "Shipping", "Shipping", "{65374733-796E-4B47-9464-52EB2585982A}"
EndProject
Project("{FAE04EC0-301F-11D3-BF4B-00C04F79EFBC}") = "Eshrimp.Modules.Shipping.Api", "src\Modules\Shipping\Eshrimp.Modules.Shipping.Api\Eshrimp.Modules.Shipping.Api.csproj", "{E084C981-DD8F-4EEF-A032-602955808124}"
EndProject
Project("{FAE04EC0-301F-11D3-BF4B-00C04F79EFBC}") = "Eshrimp.Modules.Shipping.Infrastructure", "src\Modules\Shipping\Eshrimp.Modules.Shipping.Infrastructure\Eshrimp.Modules.Shipping.Infrastructure.csproj", "{CB73BF79-F6D2-48A0-8C41-BFEF4769D9AE}"
EndProject
Global
	GlobalSection(SolutionConfigurationPlatforms) = preSolution
		Debug|Any CPU = Debug|Any CPU
		Release|Any CPU = Release|Any CPU
	EndGlobalSection
	GlobalSection(ProjectConfigurationPlatforms) = postSolution
		{1751B316-5409-4FE4-AA90-682739FB5221}.Debug|Any CPU.ActiveCfg = Debug|Any CPU
		{1751B316-5409-4FE4-AA90-682739FB5221}.Debug|Any CPU.Build.0 = Debug|Any CPU
		{1751B316-5409-4FE4-AA90-682739FB5221}.Release|Any CPU.ActiveCfg = Release|Any CPU
		{1751B316-5409-4FE4-AA90-682739FB5221}.Release|Any CPU.Build.0 = Release|Any CPU
		{15346167-A369-44E7-95ED-A5FF178601C6}.Debug|Any CPU.ActiveCfg = Debug|Any CPU
		{15346167-A369-44E7-95ED-A5FF178601C6}.Debug|Any CPU.Build.0 = Debug|Any CPU
		{15346167-A369-44E7-95ED-A5FF178601C6}.Release|Any CPU.ActiveCfg = Release|Any CPU
		{15346167-A369-44E7-95ED-A5FF178601C6}.Release|Any CPU.Build.0 = Release|Any CPU
		{5D606E0E-03F7-41AE-835B-C5D355EB4130}.Debug|Any CPU.ActiveCfg = Debug|Any CPU
		{5D606E0E-03F7-41AE-835B-C5D355EB4130}.Debug|Any CPU.Build.0 = Debug|Any CPU
		{5D606E0E-03F7-41AE-835B-C5D355EB4130}.Release|Any CPU.ActiveCfg = Release|Any CPU
		{5D606E0E-03F7-41AE-835B-C5D355EB4130}.Release|Any CPU.Build.0 = Release|Any CPU
		{E07BDEAD-A192-4093-B5CA-97B300A472A5}.Debug|Any CPU.ActiveCfg = Debug|Any CPU
		{E07BDEAD-A192-4093-B5CA-97B300A472A5}.Debug|Any CPU.Build.0 = Debug|Any CPU
		{E07BDEAD-A192-4093-B5CA-97B300A472A5}.Release|Any CPU.ActiveCfg = Release|Any CPU
		{E07BDEAD-A192-4093-B5CA-97B300A472A5}.Release|Any CPU.Build.0 = Release|Any CPU
		{51EC4E99-AE5F-4C58-892C-D1BC96B200CA}.Debug|Any CPU.ActiveCfg = Debug|Any CPU
		{51EC4E99-AE5F-4C58-892C-D1BC96B200CA}.Debug|Any CPU.Build.0 = Debug|Any CPU
		{51EC4E99-AE5F-4C58-892C-D1BC96B200CA}.Release|Any CPU.ActiveCfg = Release|Any CPU
		{51EC4E99-AE5F-4C58-892C-D1BC96B200CA}.Release|Any CPU.Build.0 = Release|Any CPU
		{24D72853-0513-412F-A622-C1684F331D9A}.Debug|Any CPU.ActiveCfg = Debug|Any CPU
		{24D72853-0513-412F-A622-C1684F331D9A}.Debug|Any CPU.Build.0 = Debug|Any CPU
		{24D72853-0513-412F-A622-C1684F331D9A}.Release|Any CPU.ActiveCfg = Release|Any CPU
		{24D72853-0513-412F-A622-C1684F331D9A}.Release|Any CPU.Build.0 = Release|Any CPU
		{F04BA12A-0765-4F5F-AE35-B8168493E496}.Debug|Any CPU.ActiveCfg = Debug|Any CPU
		{F04BA12A-0765-4F5F-AE35-B8168493E496}.Debug|Any CPU.Build.0 = Debug|Any CPU
		{F04BA12A-0765-4F5F-AE35-B8168493E496}.Release|Any CPU.ActiveCfg = Release|Any CPU
		{F04BA12A-0765-4F5F-AE35-B8168493E496}.Release|Any CPU.Build.0 = Release|Any CPU
		{C6CE8B77-EC83-4C95-AD08-3B14A084E530}.Debug|Any CPU.ActiveCfg = Debug|Any CPU
		{C6CE8B77-EC83-4C95-AD08-3B14A084E530}.Debug|Any CPU.Build.0 = Debug|Any CPU
		{C6CE8B77-EC83-4C95-AD08-3B14A084E530}.Release|Any CPU.ActiveCfg = Release|Any CPU
		{C6CE8B77-EC83-4C95-AD08-3B14A084E530}.Release|Any CPU.Build.0 = Release|Any CPU
		{339D36E1-342A-44DA-A76D-29DA187077FF}.Debug|Any CPU.ActiveCfg = Debug|Any CPU
		{339D36E1-342A-44DA-A76D-29DA187077FF}.Debug|Any CPU.Build.0 = Debug|Any CPU
		{339D36E1-342A-44DA-A76D-29DA187077FF}.Release|Any CPU.ActiveCfg = Release|Any CPU
		{339D36E1-342A-44DA-A76D-29DA187077FF}.Release|Any CPU.Build.0 = Release|Any CPU
		{7C229488-5566-4432-B371-C15C047A7CD7}.Debug|Any CPU.ActiveCfg = Debug|Any CPU
		{7C229488-5566-4432-B371-C15C047A7CD7}.Debug|Any CPU.Build.0 = Debug|Any CPU
		{7C229488-5566-4432-B371-C15C047A7CD7}.Release|Any CPU.ActiveCfg = Release|Any CPU
		{7C229488-5566-4432-B371-C15C047A7CD7}.Release|Any CPU.Build.0 = Release|Any CPU
		{8DD5E3EA-6E14-4559-A6F8-E5B7E33889C5}.Debug|Any CPU.ActiveCfg = Debug|Any CPU
		{8DD5E3EA-6E14-4559-A6F8-E5B7E33889C5}.Debug|Any CPU.Build.0 = Debug|Any CPU
		{8DD5E3EA-6E14-4559-A6F8-E5B7E33889C5}.Release|Any CPU.ActiveCfg = Release|Any CPU
		{8DD5E3EA-6E14-4559-A6F8-E5B7E33889C5}.Release|Any CPU.Build.0 = Release|Any CPU
		{E084C981-DD8F-4EEF-A032-602955808124}.Debug|Any CPU.ActiveCfg = Debug|Any CPU
		{E084C981-DD8F-4EEF-A032-602955808124}.Debug|Any CPU.Build.0 = Debug|Any CPU
		{E084C981-DD8F-4EEF-A032-602955808124}.Release|Any CPU.ActiveCfg = Release|Any CPU
		{E084C981-DD8F-4EEF-A032-602955808124}.Release|Any CPU.Build.0 = Release|Any CPU
		{CB73BF79-F6D2-48A0-8C41-BFEF4769D9AE}.Debug|Any CPU.ActiveCfg = Debug|Any CPU
		{CB73BF79-F6D2-48A0-8C41-BFEF4769D9AE}.Debug|Any CPU.Build.0 = Debug|Any CPU
		{CB73BF79-F6D2-48A0-8C41-BFEF4769D9AE}.Release|Any CPU.ActiveCfg = Release|Any CPU
		{CB73BF79-F6D2-48A0-8C41-BFEF4769D9AE}.Release|Any CPU.Build.0 = Release|Any CPU
	EndGlobalSection
	GlobalSection(SolutionProperties) = preSolution
		HideSolutionNode = FALSE
	EndGlobalSection
	GlobalSection(NestedProjects) = preSolution
		{69EAA457-3A33-45A6-9FF6-C54A37EFE7FB} = {E3AE875E-91BB-4776-A988-1A34E33AAF43}
		{67199983-F03D-4670-A542-C40BF6FD65F0} = {E3AE875E-91BB-4776-A988-1A34E33AAF43}
		{4C54DAB0-0CA3-4163-9E17-B9D55612E973} = {E3AE875E-91BB-4776-A988-1A34E33AAF43}
		{1751B316-5409-4FE4-AA90-682739FB5221} = {67199983-F03D-4670-A542-C40BF6FD65F0}
		{15346167-A369-44E7-95ED-A5FF178601C6} = {EB437180-9199-401F-AF54-28D431BAC653}
		{EB437180-9199-401F-AF54-28D431BAC653} = {69EAA457-3A33-45A6-9FF6-C54A37EFE7FB}
		{5D606E0E-03F7-41AE-835B-C5D355EB4130} = {EB437180-9199-401F-AF54-28D431BAC653}
		{E07BDEAD-A192-4093-B5CA-97B300A472A5} = {EB437180-9199-401F-AF54-28D431BAC653}
		{51EC4E99-AE5F-4C58-892C-D1BC96B200CA} = {EB437180-9199-401F-AF54-28D431BAC653}
		{24D72853-0513-412F-A622-C1684F331D9A} = {4C54DAB0-0CA3-4163-9E17-B9D55612E973}
		{F04BA12A-0765-4F5F-AE35-B8168493E496} = {4C54DAB0-0CA3-4163-9E17-B9D55612E973}
		{F3BC4077-6B2B-4EBA-A438-AF4268B0F6A0} = {69EAA457-3A33-45A6-9FF6-C54A37EFE7FB}
		{C6CE8B77-EC83-4C95-AD08-3B14A084E530} = {F3BC4077-6B2B-4EBA-A438-AF4268B0F6A0}
		{339D36E1-342A-44DA-A76D-29DA187077FF} = {F3BC4077-6B2B-4EBA-A438-AF4268B0F6A0}
		{7C229488-5566-4432-B371-C15C047A7CD7} = {F3BC4077-6B2B-4EBA-A438-AF4268B0F6A0}
		{8DD5E3EA-6E14-4559-A6F8-E5B7E33889C5} = {F3BC4077-6B2B-4EBA-A438-AF4268B0F6A0}
		{65374733-796E-4B47-9464-52EB2585982A} = {69EAA457-3A33-45A6-9FF6-C54A37EFE7FB}
		{E084C981-DD8F-4EEF-A032-602955808124} = {65374733-796E-4B47-9464-52EB2585982A}
		{CB73BF79-F6D2-48A0-8C41-BFEF4769D9AE} = {65374733-796E-4B47-9464-52EB2585982A}
	EndGlobalSection
	GlobalSection(ExtensibilityGlobals) = postSolution
		SolutionGuid = {54651B3D-45FD-451D-8AED-758D71A88891}
	EndGlobalSection
EndGlobal
